{
  "name": "davidl",
  "version": "1.0.0",
  "lockfileVersion": 2,
  "requires": true,
  "packages": {
    "": {
      "name": "davidl",
      "version": "1.0.0",
      "license": "MIT",
      "dependencies": {
        "foundation-sites": "6.6.2",
        "headroom.js": "0.11.0"
      }
    },
    "node_modules/foundation-sites": {
      "version": "6.6.2",
      "resolved": "https://registry.npmjs.org/foundation-sites/-/foundation-sites-6.6.2.tgz",
      "integrity": "sha512-fGdJVYodUxUCbdNDuNTXFIpEWAD+9yl0uLkkX8/rRHmK8/EYqQnRAGnmPADDhMKLZ+fJuSGheEcnSM2imgk3Wg==",
      "engines": {
        "node": ">=8.4.0",
        "npm": ">=2.14.2"
      },
      "peerDependencies": {
        "jquery": ">=2.2.0",
        "what-input": ">=4.1.0"
      }
    },
    "node_modules/headroom.js": {
      "version": "0.11.0",
      "resolved": "https://registry.npmjs.org/headroom.js/-/headroom.js-0.11.0.tgz",
      "integrity": "sha512-yI4ciZRD1WH22wa5uJDg2kMtRvhJwUJWo2l41Eby0BoAD+lzXL98lf5jDFxP4Q5W3HmlrpfItSfmqc3jCtasbw=="
    },
    "node_modules/jquery": {
      "version": "3.6.1",
      "resolved": "https://registry.npmjs.org/jquery/-/jquery-3.6.1.tgz",
      "integrity": "sha512-opJeO4nCucVnsjiXOE+/PcCgYw9Gwpvs/a6B1LL/lQhwWwpbVEVYDZ1FokFr8PRc7ghYlrFPuyHuiiDNTQxmcw==",
      "peer": true
    },
    "node_modules/what-input": {
      "version": "5.2.12",
      "resolved": "https://registry.npmjs.org/what-input/-/what-input-5.2.12.tgz",
      "integrity": "sha512-3yrSa7nGSXGJS6wZeSkO6VNm95pB1mZ9i3wFzC1hhY7mn4/afue/MvXz04OXNdBC8bfo4AB4RRd3Dem9jXM58Q==",
      "peer": true
    }
  },
  "dependencies": {
    "foundation-sites": {
      "version": "6.6.2",
      "resolved": "https://registry.npmjs.org/foundation-sites/-/foundation-sites-6.6.2.tgz",
      "integrity": "sha512-fGdJVYodUxUCbdNDuNTXFIpEWAD+9yl0uLkkX8/rRHmK8/EYqQnRAGnmPADDhMKLZ+fJuSGheEcnSM2imgk3Wg==",
      "requires": {}
    },
    "headroom.js": {
      "version": "0.11.0",
      "resolved": "https://registry.npmjs.org/headroom.js/-/headroom.js-0.11.0.tgz",
      "integrity": "sha512-yI4ciZRD1WH22wa5uJDg2kMtRvhJwUJWo2l41Eby0BoAD+lzXL98lf5jDFxP4Q5W3HmlrpfItSfmqc3jCtasbw=="
    },
    "jquery": {
      "version": "3.6.1",
      "resolved": "https://registry.npmjs.org/jquery/-/jquery-3.6.1.tgz",
      "integrity": "sha512-opJeO4nCucVnsjiXOE+/PcCgYw9Gwpvs/a6B1LL/lQhwWwpbVEVYDZ1FokFr8PRc7ghYlrFPuyHuiiDNTQxmcw==",
      "peer": true
    },
    "what-input": {
      "version": "5.2.12",
      "resolved": "https://registry.npmjs.org/what-input/-/what-input-5.2.12.tgz",
      "integrity": "sha512-3yrSa7nGSXGJS6wZeSkO6VNm95pB1mZ9i3wFzC1hhY7mn4/afue/MvXz04OXNdBC8bfo4AB4RRd3Dem9jXM58Q==",
      "peer": true
    }
  }
}
