# THIS IS AN AUTOGENERATED FILE. DO NOT EDIT THIS FILE DIRECTLY.
# yarn lockfile v1


foundation-sites@6.6.2:
  version "6.6.2"
  resolved "https://registry.yarnpkg.com/foundation-sites/-/foundation-sites-6.6.2.tgz#02cd6c9dcac741a4d50edda8a51a48211d089ddc"
  integrity sha512-fGdJVYodUxUCbdNDuNTXFIpEWAD+9yl0uLkkX8/rRHmK8/EYqQnRAGnmPADDhMKLZ+fJuSGheEcnSM2imgk3Wg==

headroom.js@0.11.0:
  version "0.11.0"
  resolved "https://registry.yarnpkg.com/headroom.js/-/headroom.js-0.11.0.tgz#26547a932025e4243abf8ace001b4ce5e110ed20"
  integrity sha512-yI4ciZRD1WH22wa5uJDg2kMtRvhJwUJWo2l41Eby0BoAD+lzXL98lf5jDFxP4Q5W3HmlrpfItSfmqc3jCtasbw==
