# THIS IS AN AUTOGENERATED FILE. DO NOT EDIT THIS FILE DIRECTLY.
# yarn lockfile v1


foundation-sites@6.6.1:
  version "6.6.1"
  resolved "https://registry.yarnpkg.com/foundation-sites/-/foundation-sites-6.6.1.tgz#79dce2f897cc08fafa7e8d56f5b0e88b51c45d38"
  integrity sha512-4GrCL8L3osFJM6WCNRIQs5kGX5BCKNuO2zzQN68lUTblgpH7FUE28ctkbNFqoTnkUmWARj5VtiS3oQob3H0eZA==

headroom.js@0.11.0:
  version "0.11.0"
  resolved "https://registry.yarnpkg.com/headroom.js/-/headroom.js-0.11.0.tgz#26547a932025e4243abf8ace001b4ce5e110ed20"
  integrity sha512-yI4ciZRD1WH22wa5uJDg2kMtRvhJwUJWo2l41Eby0BoAD+lzXL98lf5jDFxP4Q5W3HmlrpfItSfmqc3jCtasbw==
